
Microsoft Visual Studio Solution File, Format Version 12.00
# Visual Studio Version 17
VisualStudioVersion = 17.9.34622.214
MinimumVisualStudioVersion = 10.0.40219.1
Project("{2150E333-8FDC-42A3-9474-1A3956D46DE8}") = "Core", "Core", "{7D434B23-0E4E-45A5-89F1-3A34A4506FEB}"
EndProject
Project("{2150E333-8FDC-42A3-9474-1A3956D46DE8}") = "Domain", "Domain", "{66463229-2009-487A-A8DF-1C617C135F99}"
EndProject
Project("{2150E333-8FDC-42A3-9474-1A3956D46DE8}") = "Application", "Application", "{22F58F08-1702-4082-98A1-73EBD63A55C8}"
EndProject
Project("{9A19103F-16F7-4668-BE54-9A1E7A4F7556}") = "E-Ticaret.Application", "Core\Application\E-Ticaret.Application\E-Ticaret.Application.csproj", "{4118CDE5-E1F6-4641-B570-50D3B9FD911F}"
EndProject
Project("{9A19103F-16F7-4668-BE54-9A1E7A4F7556}") = "E-Ticaret.Domain", "Core\Domain\E-Ticaret.Domain\E-Ticaret.Domain.csproj", "{4922FC43-F1A3-4FE6-8F13-FB3A093A972E}"
EndProject
Project("{2150E333-8FDC-42A3-9474-1A3956D46DE8}") = "Infrastructure", "Infrastructure", "{2C719AB4-6C39-4890-9622-896D43ECB078}"
EndProject
Project("{2150E333-8FDC-42A3-9474-1A3956D46DE8}") = "Presentation", "Presentation", "{08411A9B-8074-4E56-BF79-7C2AD3EA8C56}"
EndProject
Project("{2150E333-8FDC-42A3-9474-1A3956D46DE8}") = "Infrastructure", "Infrastructure", "{813E5424-3517-4F65-BCDB-CC999352A095}"
EndProject
Project("{2150E333-8FDC-42A3-9474-1A3956D46DE8}") = "Persistance", "Persistance", "{FB8F66A7-8571-432D-83DC-AB962E85AF1D}"
EndProject
Project("{9A19103F-16F7-4668-BE54-9A1E7A4F7556}") = "E-Ticaret.Infrastucture", "Infrastucture\Infrastucture\E-Ticaret.Infrastucture\E-Ticaret.Infrastucture.csproj", "{D3D0EF50-0FF0-462A-974B-50EAF9053407}"
EndProject
Project("{9A19103F-16F7-4668-BE54-9A1E7A4F7556}") = "E-Ticaret.Persistance", "Infrastucture\Persistance\E-Ticaret.Persistance\E-Ticaret.Persistance.csproj", "{7E09DAD5-FC1D-4071-83E2-4B737E4A75B4}"
EndProject
Project("{9A19103F-16F7-4668-BE54-9A1E7A4F7556}") = "E-Ticaret.API", "Presentation\E-Ticaret.API\E-Ticaret.API.csproj", "{680EBC9D-A4BC-4241-801E-AAF1FB8984FB}"
EndProject
Project("{FAE04EC0-301F-11D3-BF4B-00C04F79EFBC}") = "ETicaret.Mapper", "Core\Application\ETicaret.Mapper\ETicaret.Mapper.csproj", "{27880EFF-492B-41B5-BCAF-3DA711C73F1D}"
EndProject
Global
	GlobalSection(SolutionConfigurationPlatforms) = preSolution
		Debug|Any CPU = Debug|Any CPU
		Release|Any CPU = Release|Any CPU
	EndGlobalSection
	GlobalSection(ProjectConfigurationPlatforms) = postSolution
		{4118CDE5-E1F6-4641-B570-50D3B9FD911F}.Debug|Any CPU.ActiveCfg = Debug|Any CPU
		{4118CDE5-E1F6-4641-B570-50D3B9FD911F}.Debug|Any CPU.Build.0 = Debug|Any CPU
		{4118CDE5-E1F6-4641-B570-50D3B9FD911F}.Release|Any CPU.ActiveCfg = Release|Any CPU
		{4118CDE5-E1F6-4641-B570-50D3B9FD911F}.Release|Any CPU.Build.0 = Release|Any CPU
		{4922FC43-F1A3-4FE6-8F13-FB3A093A972E}.Debug|Any CPU.ActiveCfg = Debug|Any CPU
		{4922FC43-F1A3-4FE6-8F13-FB3A093A972E}.Debug|Any CPU.Build.0 = Debug|Any CPU
		{4922FC43-F1A3-4FE6-8F13-FB3A093A972E}.Release|Any CPU.ActiveCfg = Release|Any CPU
		{4922FC43-F1A3-4FE6-8F13-FB3A093A972E}.Release|Any CPU.Build.0 = Release|Any CPU
		{D3D0EF50-0FF0-462A-974B-50EAF9053407}.Debug|Any CPU.ActiveCfg = Debug|Any CPU
		{D3D0EF50-0FF0-462A-974B-50EAF9053407}.Debug|Any CPU.Build.0 = Debug|Any CPU
		{D3D0EF50-0FF0-462A-974B-50EAF9053407}.Release|Any CPU.ActiveCfg = Release|Any CPU
		{D3D0EF50-0FF0-462A-974B-50EAF9053407}.Release|Any CPU.Build.0 = Release|Any CPU
		{7E09DAD5-FC1D-4071-83E2-4B737E4A75B4}.Debug|Any CPU.ActiveCfg = Debug|Any CPU
		{7E09DAD5-FC1D-4071-83E2-4B737E4A75B4}.Debug|Any CPU.Build.0 = Debug|Any CPU
		{7E09DAD5-FC1D-4071-83E2-4B737E4A75B4}.Release|Any CPU.ActiveCfg = Release|Any CPU
		{7E09DAD5-FC1D-4071-83E2-4B737E4A75B4}.Release|Any CPU.Build.0 = Release|Any CPU
		{680EBC9D-A4BC-4241-801E-AAF1FB8984FB}.Debug|Any CPU.ActiveCfg = Debug|Any CPU
		{680EBC9D-A4BC-4241-801E-AAF1FB8984FB}.Debug|Any CPU.Build.0 = Debug|Any CPU
		{680EBC9D-A4BC-4241-801E-AAF1FB8984FB}.Release|Any CPU.ActiveCfg = Release|Any CPU
		{680EBC9D-A4BC-4241-801E-AAF1FB8984FB}.Release|Any CPU.Build.0 = Release|Any CPU
		{27880EFF-492B-41B5-BCAF-3DA711C73F1D}.Debug|Any CPU.ActiveCfg = Debug|Any CPU
		{27880EFF-492B-41B5-BCAF-3DA711C73F1D}.Debug|Any CPU.Build.0 = Debug|Any CPU
		{27880EFF-492B-41B5-BCAF-3DA711C73F1D}.Release|Any CPU.ActiveCfg = Release|Any CPU
		{27880EFF-492B-41B5-BCAF-3DA711C73F1D}.Release|Any CPU.Build.0 = Release|Any CPU
	EndGlobalSection
	GlobalSection(SolutionProperties) = preSolution
		HideSolutionNode = FALSE
	EndGlobalSection
	GlobalSection(NestedProjects) = preSolution
		{66463229-2009-487A-A8DF-1C617C135F99} = {7D434B23-0E4E-45A5-89F1-3A34A4506FEB}
		{22F58F08-1702-4082-98A1-73EBD63A55C8} = {7D434B23-0E4E-45A5-89F1-3A34A4506FEB}
		{4118CDE5-E1F6-4641-B570-50D3B9FD911F} = {22F58F08-1702-4082-98A1-73EBD63A55C8}
		{4922FC43-F1A3-4FE6-8F13-FB3A093A972E} = {66463229-2009-487A-A8DF-1C617C135F99}
		{813E5424-3517-4F65-BCDB-CC999352A095} = {2C719AB4-6C39-4890-9622-896D43ECB078}
		{FB8F66A7-8571-432D-83DC-AB962E85AF1D} = {2C719AB4-6C39-4890-9622-896D43ECB078}
		{D3D0EF50-0FF0-462A-974B-50EAF9053407} = {813E5424-3517-4F65-BCDB-CC999352A095}
		{7E09DAD5-FC1D-4071-83E2-4B737E4A75B4} = {FB8F66A7-8571-432D-83DC-AB962E85AF1D}
		{680EBC9D-A4BC-4241-801E-AAF1FB8984FB} = {08411A9B-8074-4E56-BF79-7C2AD3EA8C56}
		{27880EFF-492B-41B5-BCAF-3DA711C73F1D} = {22F58F08-1702-4082-98A1-73EBD63A55C8}
	EndGlobalSection
	GlobalSection(ExtensibilityGlobals) = postSolution
		SolutionGuid = {1BD68963-5A6E-4425-BB6A-46AE708B0DB0}
	EndGlobalSection
EndGlobal
